
Microsoft Visual Studio Solution File, Format Version 12.00
# Visual Studio Version 17
VisualStudioVersion = 17.4.33213.308
MinimumVisualStudioVersion = 10.0.40219.1
Project("{FAE04EC0-301F-11D3-BF4B-00C04F79EFBC}") = "ChallengeApp", "ChallengeApp\ChallengeApp.csproj", "{5AA09219-795A-405E-8C75-38C8E2A57FD1}"
EndProject
Global
	GlobalSection(SolutionConfigurationPlatforms) = preSolution
		Debug|Any CPU = Debug|Any CPU
		Release|Any CPU = Release|Any CPU
	EndGlobalSection
	GlobalSection(ProjectConfigurationPlatforms) = postSolution
		{5AA09219-795A-405E-8C75-38C8E2A57FD1}.Debug|Any CPU.ActiveCfg = Debug|Any CPU
		{5AA09219-795A-405E-8C75-38C8E2A57FD1}.Debug|Any CPU.Build.0 = Debug|Any CPU
		{5AA09219-795A-405E-8C75-38C8E2A57FD1}.Release|Any CPU.ActiveCfg = Release|Any CPU
		{5AA09219-795A-405E-8C75-38C8E2A57FD1}.Release|Any CPU.Build.0 = Release|Any CPU
	EndGlobalSection
	GlobalSection(SolutionProperties) = preSolution
		HideSolutionNode = FALSE
	EndGlobalSection
	GlobalSection(ExtensibilityGlobals) = postSolution
		SolutionGuid = {AA900214-DE63-4B82-916A-A7A25EBD6AC2}
	EndGlobalSection
EndGlobal
